
Microsoft Visual Studio Solution File, Format Version 12.00
# Visual Studio Version 17
VisualStudioVersion = 17.5.33530.505
MinimumVisualStudioVersion = 10.0.40219.1
Project("{FAE04EC0-301F-11D3-BF4B-00C04F79EFBC}") = "Amazon_Replica", "Amazon_Replica.csproj", "{F4DFF064-1DDA-43DB-AD7F-9432FD3AE5FB}"
EndProject
Global
	GlobalSection(SolutionConfigurationPlatforms) = preSolution
		Debug|Any CPU = Debug|Any CPU
		Release|Any CPU = Release|Any CPU
	EndGlobalSection
	GlobalSection(ProjectConfigurationPlatforms) = postSolution
		{F4DFF064-1DDA-43DB-AD7F-9432FD3AE5FB}.Debug|Any CPU.ActiveCfg = Debug|Any CPU
		{F4DFF064-1DDA-43DB-AD7F-9432FD3AE5FB}.Debug|Any CPU.Build.0 = Debug|Any CPU
		{F4DFF064-1DDA-43DB-AD7F-9432FD3AE5FB}.Release|Any CPU.ActiveCfg = Release|Any CPU
		{F4DFF064-1DDA-43DB-AD7F-9432FD3AE5FB}.Release|Any CPU.Build.0 = Release|Any CPU
	EndGlobalSection
	GlobalSection(SolutionProperties) = preSolution
		HideSolutionNode = FALSE
	EndGlobalSection
	GlobalSection(ExtensibilityGlobals) = postSolution
		SolutionGuid = {F40497D4-20EF-4DF6-8688-6059C1B69BD3}
	EndGlobalSection
EndGlobal
